# This file is automatically @generated by Poetry 1.8.3 and should not be changed by hand.

[[package]]
name = "boto3"
version = "1.35.28"
description = "The AWS SDK for Python"
optional = false
python-versions = ">=3.8"
files = [
    {file = "boto3-1.35.28-py3-none-any.whl", hash = "sha256:dc088b86a14f17d3cd2e96915c6ccfd31bce640dfe9180df579ed311bc6bf0fc"},
    {file = "boto3-1.35.28.tar.gz", hash = "sha256:8960fc458b9ba3c8a9890a607c31cee375db821f39aefaec9ff638248e81644a"},
]

[package.dependencies]
botocore = ">=1.35.28,<1.36.0"
jmespath = ">=0.7.1,<2.0.0"
s3transfer = ">=0.10.0,<0.11.0"

[package.extras]
crt = ["botocore[crt] (>=1.21.0,<2.0a0)"]

[[package]]
name = "botocore"
version = "1.35.28"
description = "Low-level, data-driven core of boto 3."
optional = false
python-versions = ">=3.8"
files = [
    {file = "botocore-1.35.28-py3-none-any.whl", hash = "sha256:b66c78f3d6379bd16f0362f07168fa7699cdda3921fc880047192d96f2c8c527"},
    {file = "botocore-1.35.28.tar.gz", hash = "sha256:115d13f2172d8e9fa92e8d913f0e80092b97624d190f46772ed2930d4a355d55"},
]

[package.dependencies]
jmespath = ">=0.7.1,<2.0.0"
python-dateutil = ">=2.1,<3.0.0"
urllib3 = [
    {version = ">=1.25.4,<1.27", markers = "python_version < \"3.10\""},
    {version = ">=1.25.4,<2.2.0 || >2.2.0,<3", markers = "python_version >= \"3.10\""},
]

[package.extras]
crt = ["awscrt (==0.21.5)"]

[[package]]
name = "confluent-kafka"
version = "2.5.3"
description = "Confluent's Python client for Apache Kafka"
optional = false
python-versions = "*"
files = [
    {file = "confluent-kafka-2.5.3.tar.gz", hash = "sha256:eca625b0a8742d864a954bbe6493d453c07bacedf9e10d71a54dd1047f775778"},
    {file = "confluent_kafka-2.5.3-cp310-cp310-macosx_10_9_x86_64.whl", hash = "sha256:8a1a2a8756b2c1cd2654ea83d1e819a6e2c0a4337eacec50bfd2ab1f0c24a29c"},
    {file = "confluent_kafka-2.5.3-cp310-cp310-macosx_11_0_arm64.whl", hash = "sha256:c284eefed1b27133d90afc0fa2fd735864db8501190f3c2e0c8d8b1a20b07759"},
    {file = "confluent_kafka-2.5.3-cp310-cp310-manylinux_2_28_aarch64.whl", hash = "sha256:46c6063726fcdae835902961bb6c0e4c148499b87fdd513e6b2a6b406922ae3e"},
    {file = "confluent_kafka-2.5.3-cp310-cp310-manylinux_2_28_x86_64.whl", hash = "sha256:505078b402dde98dc06dc66b6356acd19984742ef6b82dd52fb860f2a14b5a57"},
    {file = "confluent_kafka-2.5.3-cp310-cp310-win_amd64.whl", hash = "sha256:db30418bb36723a02ba51e058312056d0403c5f245beb379bff66e4b0c14337b"},
    {file = "confluent_kafka-2.5.3-cp311-cp311-macosx_10_9_x86_64.whl", hash = "sha256:4dd5fa74231fc21c3a26eeda1999a27f84768a6291a8b04c3cd61ac1deea4ace"},
    {file = "confluent_kafka-2.5.3-cp311-cp311-macosx_11_0_arm64.whl", hash = "sha256:ac8b5fe45ee9c11ce7a516dc7c41441ebb17d9ff63c8646a59b8e52bd791b154"},
    {file = "confluent_kafka-2.5.3-cp311-cp311-manylinux_2_28_aarch64.whl", hash = "sha256:7125c3f86a76136b25aa21c94303b33709e2dd15f777395ea81fbd6872d9147b"},
    {file = "confluent_kafka-2.5.3-cp311-cp311-manylinux_2_28_x86_64.whl", hash = "sha256:8ec7a407bcb2eb122ff159d602cedc41d858f4c66a436c778f5d2f9f15fbec4e"},
    {file = "confluent_kafka-2.5.3-cp311-cp311-win_amd64.whl", hash = "sha256:4cfb18d69e6912fe90cbbcc9c7d805988122c51ab3041e1424ace64bc31b736f"},
    {file = "confluent_kafka-2.5.3-cp312-cp312-macosx_10_9_x86_64.whl", hash = "sha256:8d86de3e2c7bb59fb16faea468e833712912106f32a3a3ec345088c366042734"},
    {file = "confluent_kafka-2.5.3-cp312-cp312-macosx_11_0_arm64.whl", hash = "sha256:e9ffb298b3ea3477afdaa5da6033d35dc0be01b10537d9b63994411e79b41477"},
    {file = "confluent_kafka-2.5.3-cp312-cp312-manylinux_2_28_aarch64.whl", hash = "sha256:61a92637bea8fca454ec711f46e7753647deb7da56132995103acb5eb5041a29"},
    {file = "confluent_kafka-2.5.3-cp312-cp312-manylinux_2_28_x86_64.whl", hash = "sha256:3daad72791ae06dec257c9105278e89ae0924e86ef107a1acb443106f002f361"},
    {file = "confluent_kafka-2.5.3-cp312-cp312-win_amd64.whl", hash = "sha256:f626494cd6ad18fa2ed83f80d687bc0194cff6f61b3d4f2aa183efa23ede2e02"},
    {file = "confluent_kafka-2.5.3-cp36-cp36m-macosx_10_9_x86_64.whl", hash = "sha256:f034f13c08ba238154d818294ceabb2257e8df8fb6489f891ec7600c7c541553"},
    {file = "confluent_kafka-2.5.3-cp36-cp36m-manylinux_2_28_aarch64.whl", hash = "sha256:806c43fd1524034a9b6c958b4f9395ff5f56ef697218a336eac1da5006184f66"},
    {file = "confluent_kafka-2.5.3-cp36-cp36m-manylinux_2_28_x86_64.whl", hash = "sha256:0cdb150c12d5ac6e33572cbf16243284c65a178e3719baa610a48d672e9d92bf"},
    {file = "confluent_kafka-2.5.3-cp36-cp36m-win_amd64.whl", hash = "sha256:a2ed265bf3420811efd802fd8ebf5ec0f20a82e9baeff5299a67f6a84dde1b06"},
    {file = "confluent_kafka-2.5.3-cp37-cp37m-macosx_10_9_x86_64.whl", hash = "sha256:27d048429b138667c51541adc04bb398afa61a37a7be89f16ff9a318019d02c6"},
    {file = "confluent_kafka-2.5.3-cp37-cp37m-manylinux_2_28_aarch64.whl", hash = "sha256:eb80c22a7ca17839f229f299bafca1450c9fe4d5ca222e60e52428df91d42b56"},
    {file = "confluent_kafka-2.5.3-cp37-cp37m-manylinux_2_28_x86_64.whl", hash = "sha256:5122b8e9f94b6160d47e8f0020857376caa21f715b95c4b13c68683b47260c8f"},
    {file = "confluent_kafka-2.5.3-cp37-cp37m-win_amd64.whl", hash = "sha256:3b69c3120e0cac9ca463ca603ddc9d4e811409ef4ec69d2b6bb8bd94d6fce95e"},
    {file = "confluent_kafka-2.5.3-cp38-cp38-macosx_10_9_x86_64.whl", hash = "sha256:a6f152e704b01c6a726233d081921454b7de106a5e4036994d1d5f4b34e7e46f"},
    {file = "confluent_kafka-2.5.3-cp38-cp38-macosx_11_0_arm64.whl", hash = "sha256:2b8eef8c2f963ca6f5fcc79a0d6edef4e25fba83dfc0ef3f0401e1644f60ff11"},
    {file = "confluent_kafka-2.5.3-cp38-cp38-manylinux_2_28_aarch64.whl", hash = "sha256:0751302b0fd8090cbca92d7d34d237768923107b30de2611f3db93c2118cf2a8"},
    {file = "confluent_kafka-2.5.3-cp38-cp38-manylinux_2_28_x86_64.whl", hash = "sha256:0e0cb3b18a59d1c6fcae60297ee25b5c65d5c39c8ad8033a8fa1392498a71c9e"},
    {file = "confluent_kafka-2.5.3-cp38-cp38-win_amd64.whl", hash = "sha256:0b14928cddba963ea7d1c66aa268b6d37976bc91b4cf2100b5b7336d848ced22"},
    {file = "confluent_kafka-2.5.3-cp39-cp39-macosx_10_9_x86_64.whl", hash = "sha256:dae80e9e1e4417462fe61f64da0ab111395719e35c9f7f3eac7c671ff5e868fe"},
    {file = "confluent_kafka-2.5.3-cp39-cp39-macosx_11_0_arm64.whl", hash = "sha256:75e1da68b199ef2472e47785d9a5c2dc75d307ed78827ad929bb733728b18567"},
    {file = "confluent_kafka-2.5.3-cp39-cp39-manylinux_2_28_aarch64.whl", hash = "sha256:fa2318eaa9b2d5f3ebc2022b71e4ebf6242c13963b4faccf46eea49fea0ad91f"},
    {file = "confluent_kafka-2.5.3-cp39-cp39-manylinux_2_28_x86_64.whl", hash = "sha256:490836e9fc3b4489721327e3df987c8667916a97d178e2296913c8d5de6623a9"},
    {file = "confluent_kafka-2.5.3-cp39-cp39-win_amd64.whl", hash = "sha256:cfabe291cda68fdc3136f2f367dd4e5a6c3750113785f0c1936ba9cae09f4e9d"},
]

[package.extras]
avro = ["avro (>=1.11.1,<2)", "fastavro (>=0.23.0,<1.0)", "fastavro (>=1.0)", "requests"]
dev = ["avro (>=1.11.1,<2)", "fastavro (>=0.23.0,<1.0)", "fastavro (>=1.0)", "flake8", "pytest", "pytest (==4.6.4)", "pytest-timeout", "requests"]
doc = ["avro (>=1.11.1,<2)", "fastavro (>=0.23.0,<1.0)", "fastavro (>=1.0)", "requests", "sphinx", "sphinx-rtd-theme"]
json = ["jsonschema", "pyrsistent", "pyrsistent (==0.16.1)", "requests"]
protobuf = ["protobuf", "requests"]
schema-registry = ["requests"]

[[package]]
name = "jmespath"
version = "1.0.1"
description = "JSON Matching Expressions"
optional = false
python-versions = ">=3.7"
files = [
    {file = "jmespath-1.0.1-py3-none-any.whl", hash = "sha256:02e2e4cc71b5bcab88332eebf907519190dd9e6e82107fa7f83b1003a6252980"},
    {file = "jmespath-1.0.1.tar.gz", hash = "sha256:90261b206d6defd58fdd5e85f478bf633a2901798906be2ad389150c5c60edbe"},
]

[[package]]
name = "python-dateutil"
version = "2.9.0.post0"
description = "Extensions to the standard Python datetime module"
optional = false
python-versions = "!=3.0.*,!=3.1.*,!=3.2.*,>=2.7"
files = [
    {file = "python-dateutil-2.9.0.post0.tar.gz", hash = "sha256:37dd54208da7e1cd875388217d5e00ebd4179249f90fb72437e91a35459a0ad3"},
    {file = "python_dateutil-2.9.0.post0-py2.py3-none-any.whl", hash = "sha256:a8b2bc7bffae282281c8140a97d3aa9c14da0b136dfe83f850eea9a5f7470427"},
]

[package.dependencies]
six = ">=1.5"

[[package]]
name = "s3transfer"
version = "0.10.2"
description = "An Amazon S3 Transfer Manager"
optional = false
python-versions = ">=3.8"
files = [
    {file = "s3transfer-0.10.2-py3-none-any.whl", hash = "sha256:eca1c20de70a39daee580aef4986996620f365c4e0fda6a86100231d62f1bf69"},
    {file = "s3transfer-0.10.2.tar.gz", hash = "sha256:0711534e9356d3cc692fdde846b4a1e4b0cb6519971860796e6bc4c7aea00ef6"},
]

[package.dependencies]
botocore = ">=1.33.2,<2.0a.0"

[package.extras]
crt = ["botocore[crt] (>=1.33.2,<2.0a.0)"]

[[package]]
name = "six"
version = "1.16.0"
description = "Python 2 and 3 compatibility utilities"
optional = false
python-versions = ">=2.7, !=3.0.*, !=3.1.*, !=3.2.*"
files = [
    {file = "six-1.16.0-py2.py3-none-any.whl", hash = "sha256:8abb2f1d86890a2dfb989f9a77cfcfd3e47c2a354b01111771326f8aa26e0254"},
    {file = "six-1.16.0.tar.gz", hash = "sha256:1e61c37477a1626458e36f7b1d82aa5c9b094fa4802892072e49de9c60c4c926"},
]

[[package]]
name = "urllib3"
version = "1.26.20"
description = "HTTP library with thread-safe connection pooling, file post, and more."
optional = false
python-versions = "!=3.0.*,!=3.1.*,!=3.2.*,!=3.3.*,!=3.4.*,!=3.5.*,>=2.7"
files = [
    {file = "urllib3-1.26.20-py2.py3-none-any.whl", hash = "sha256:0ed14ccfbf1c30a9072c7ca157e4319b70d65f623e91e7b32fadb2853431016e"},
    {file = "urllib3-1.26.20.tar.gz", hash = "sha256:40c2dc0c681e47eb8f90e7e27bf6ff7df2e677421fd46756da1161c39ca70d32"},
]

[package.extras]
brotli = ["brotli (==1.0.9)", "brotli (>=1.0.9)", "brotlicffi (>=0.8.0)", "brotlipy (>=0.6.0)"]
secure = ["certifi", "cryptography (>=1.3.4)", "idna (>=2.0.0)", "ipaddress", "pyOpenSSL (>=0.14)", "urllib3-secure-extra"]
socks = ["PySocks (>=1.5.6,!=1.5.7,<2.0)"]

[[package]]
name = "urllib3"
version = "2.2.3"
description = "HTTP library with thread-safe connection pooling, file post, and more."
optional = false
python-versions = ">=3.8"
files = [
    {file = "urllib3-2.2.3-py3-none-any.whl", hash = "sha256:ca899ca043dcb1bafa3e262d73aa25c465bfb49e0bd9dd5d59f1d0acba2f8fac"},
    {file = "urllib3-2.2.3.tar.gz", hash = "sha256:e7d814a81dad81e6caf2ec9fdedb284ecc9c73076b62654547cc64ccdcae26e9"},
]

[package.extras]
brotli = ["brotli (>=1.0.9)", "brotlicffi (>=0.8.0)"]
h2 = ["h2 (>=4,<5)"]
socks = ["pysocks (>=1.5.6,!=1.5.7,<2.0)"]
zstd = ["zstandard (>=0.18.0)"]

[metadata]
lock-version = "2.0"
python-versions = "^3.8.0"
content-hash = "f787d75930cef56b2de1182647b6b6505ba8783f5ebd539e8678e4b5c696e8d8"
